
Microsoft Visual Studio Solution File, Format Version 12.00
# Visual Studio 15
VisualStudioVersion = 15.0.26730.10
MinimumVisualStudioVersion = 10.0.40219.1
Project("{FAE04EC0-301F-11D3-BF4B-00C04F79EFBC}") = "HappyWork", "HappyWork\HappyWork.csproj", "{12E0B8EC-61C5-4136-9871-75A09B8A4EAD}"
EndProject
Global
	GlobalSection(SolutionConfigurationPlatforms) = preSolution
		Debug|Any CPU = Debug|Any CPU
		Release|Any CPU = Release|Any CPU
	EndGlobalSection
	GlobalSection(ProjectConfigurationPlatforms) = postSolution
		{12E0B8EC-61C5-4136-9871-75A09B8A4EAD}.Debug|Any CPU.ActiveCfg = Debug|Any CPU
		{12E0B8EC-61C5-4136-9871-75A09B8A4EAD}.Debug|Any CPU.Build.0 = Debug|Any CPU
		{12E0B8EC-61C5-4136-9871-75A09B8A4EAD}.Release|Any CPU.ActiveCfg = Release|Any CPU
		{12E0B8EC-61C5-4136-9871-75A09B8A4EAD}.Release|Any CPU.Build.0 = Release|Any CPU
	EndGlobalSection
	GlobalSection(SolutionProperties) = preSolution
		HideSolutionNode = FALSE
	EndGlobalSection
	GlobalSection(ExtensibilityGlobals) = postSolution
		SolutionGuid = {8582CCFA-9E69-48D0-8175-7899DB4E1BED}
	EndGlobalSection
EndGlobal
